<?xml version="1.0" encoding="UTF-8" standalone="yes" ?>
<CodeBlocks_project_file>
	<FileVersion major="1" minor="6" />
	<Project>
		<Option title="proyecto fcode" />
		<Option pch_mode="2" />
		<Option compiler="gcc" />
		<Build>
			<Target title="Debug">
				<Option output="bin/Debug/proyecto fcode" prefix_auto="1" extension_auto="1" />
				<Option object_output="obj/Debug/" />
				<Option type="1" />
				<Option compiler="gcc" />
				<Compiler>
					<Add option="-g" />
				</Compiler>
			</Target>
			<Target title="Release">
				<Option output="bin/Release/proyecto fcode" prefix_auto="1" extension_auto="1" />
				<Option object_output="obj/Release/" />
				<Option type="1" />
				<Option compiler="gcc" />
				<Compiler>
					<Add option="-O2" />
				</Compiler>
				<Linker>
					<Add option="-s" />
				</Linker>
			</Target>
		</Build>
		<Compiler>
			<Add option="-Wall" />
			<Add option="-fexceptions" />
		</Compiler>
		<Unit filename="cargarCadena.cpp" />
		<Unit filename="cargarCadena.h" />
		<Unit filename="clsActividad.cpp" />
		<Unit filename="clsActividad.h" />
		<Unit filename="clsActividadSede.cpp" />
		<Unit filename="clsActividadSede.h" />
		<Unit filename="clsArchivoActividades.cpp" />
		<Unit filename="clsArchivoActividades.h" />
		<Unit filename="clsArchivoActividadesSede.cpp" />
		<Unit filename="clsArchivoActividadesSede.h" />
		<Unit filename="clsArchivoCuota.cpp" />
		<Unit filename="clsArchivoCuota.h" />
		<Unit filename="clsArchivoSede.cpp" />
		<Unit filename="clsArchivoSede.h" />
		<Unit filename="clsArchivoSocio.cpp" />
		<Unit filename="clsArchivoSocio.h" />
		<Unit filename="clsCouta.cpp" />
		<Unit filename="clsCuota.h" />
		<Unit filename="clsFecha.cpp" />
		<Unit filename="clsFecha.h" />
		<Unit filename="clsSede.cpp" />
		<Unit filename="clsSede.h" />
		<Unit filename="clsSocio.cpp" />
		<Unit filename="clsSocio.h" />
		<Unit filename="funciones.cpp" />
		<Unit filename="funciones.h" />
		<Unit filename="main.cpp" />
		<Extensions />
	</Project>
</CodeBlocks_project_file>
